
Microsoft Visual Studio Solution File, Format Version 12.00
# Visual Studio 15
VisualStudioVersion = 15.0.27004.2009
MinimumVisualStudioVersion = 10.0.40219.1
Project("{FAE04EC0-301F-11D3-BF4B-00C04F79EFBC}") = "Test1", "Test1\Test1.csproj", "{A3F4788D-A10A-4897-B9AC-E65A3B43C1D3}"
EndProject
Global
	GlobalSection(SolutionConfigurationPlatforms) = preSolution
		Debug|Any CPU = Debug|Any CPU
		Release|Any CPU = Release|Any CPU
	EndGlobalSection
	GlobalSection(ProjectConfigurationPlatforms) = postSolution
		{A3F4788D-A10A-4897-B9AC-E65A3B43C1D3}.Debug|Any CPU.ActiveCfg = Debug|Any CPU
		{A3F4788D-A10A-4897-B9AC-E65A3B43C1D3}.Debug|Any CPU.Build.0 = Debug|Any CPU
		{A3F4788D-A10A-4897-B9AC-E65A3B43C1D3}.Release|Any CPU.ActiveCfg = Release|Any CPU
		{A3F4788D-A10A-4897-B9AC-E65A3B43C1D3}.Release|Any CPU.Build.0 = Release|Any CPU
	EndGlobalSection
	GlobalSection(SolutionProperties) = preSolution
		HideSolutionNode = FALSE
	EndGlobalSection
	GlobalSection(ExtensibilityGlobals) = postSolution
		SolutionGuid = {37C79E63-8070-4D15-88F4-6E51C2EDCC78}
	EndGlobalSection
EndGlobal
